
Microsoft Visual Studio Solution File, Format Version 12.00
# Visual Studio 14
VisualStudioVersion = 14.0.25420.1
MinimumVisualStudioVersion = 10.0.40219.1
Project("{8BC9CEB8-8B4A-11D0-8D11-00A0C91BC942}") = "Practica1", "Practica1\Practica1.vcxproj", "{D8C9519A-88AD-44FA-87BA-C06A00869381}"
EndProject
Project("{8BC9CEB8-8B4A-11D0-8D11-00A0C91BC942}") = "Hola Mundo", "Hola Mundo\Hola Mundo.vcxproj", "{6C10D038-AD83-4C95-909D-CD1F2DF2E397}"
EndProject
Project("{8BC9CEB8-8B4A-11D0-8D11-00A0C91BC942}") = "Practica2-Escena", "Practica2-Escena\Practica2-Escena.vcxproj", "{95002BC7-5FAD-4970-ACF4-DF6F2C8DBA10}"
EndProject
Project("{8BC9CEB8-8B4A-11D0-8D11-00A0C91BC942}") = "Practica2 - Transformaciones compuestas", "Practica2 - Transformaciones compuestas\Practica2 - Transformaciones compuestas.vcxproj", "{4D22609A-858F-4E10-B551-44960DB06A39}"
EndProject
Project("{8BC9CEB8-8B4A-11D0-8D11-00A0C91BC942}") = "Practica2 - Pendulo doble", "Practica2 - Pendulo doble\Practica2 - Pendulo doble.vcxproj", "{306FBB53-15D1-4A8E-9011-50AB78E94ACB}"
EndProject
Project("{8BC9CEB8-8B4A-11D0-8D11-00A0C91BC942}") = "Practica3", "Practica3\Practica3.vcxproj", "{0BB8D98D-A229-4F3E-9E12-ADB19235A904}"
EndProject
Project("{8BC9CEB8-8B4A-11D0-8D11-00A0C91BC942}") = "Practica4", "Practica4\Practica4.vcxproj", "{40A8433A-6316-4B03-AC34-2FA629EA73AB}"
EndProject
Global
	GlobalSection(SolutionConfigurationPlatforms) = preSolution
		Debug|x64 = Debug|x64
		Debug|x86 = Debug|x86
		Release|x64 = Release|x64
		Release|x86 = Release|x86
	EndGlobalSection
	GlobalSection(ProjectConfigurationPlatforms) = postSolution
		{D8C9519A-88AD-44FA-87BA-C06A00869381}.Debug|x64.ActiveCfg = Debug|x64
		{D8C9519A-88AD-44FA-87BA-C06A00869381}.Debug|x64.Build.0 = Debug|x64
		{D8C9519A-88AD-44FA-87BA-C06A00869381}.Debug|x86.ActiveCfg = Debug|Win32
		{D8C9519A-88AD-44FA-87BA-C06A00869381}.Debug|x86.Build.0 = Debug|Win32
		{D8C9519A-88AD-44FA-87BA-C06A00869381}.Release|x64.ActiveCfg = Release|x64
		{D8C9519A-88AD-44FA-87BA-C06A00869381}.Release|x64.Build.0 = Release|x64
		{D8C9519A-88AD-44FA-87BA-C06A00869381}.Release|x86.ActiveCfg = Release|Win32
		{D8C9519A-88AD-44FA-87BA-C06A00869381}.Release|x86.Build.0 = Release|Win32
		{6C10D038-AD83-4C95-909D-CD1F2DF2E397}.Debug|x64.ActiveCfg = Debug|x64
		{6C10D038-AD83-4C95-909D-CD1F2DF2E397}.Debug|x64.Build.0 = Debug|x64
		{6C10D038-AD83-4C95-909D-CD1F2DF2E397}.Debug|x86.ActiveCfg = Debug|Win32
		{6C10D038-AD83-4C95-909D-CD1F2DF2E397}.Debug|x86.Build.0 = Debug|Win32
		{6C10D038-AD83-4C95-909D-CD1F2DF2E397}.Release|x64.ActiveCfg = Release|x64
		{6C10D038-AD83-4C95-909D-CD1F2DF2E397}.Release|x64.Build.0 = Release|x64
		{6C10D038-AD83-4C95-909D-CD1F2DF2E397}.Release|x86.ActiveCfg = Release|Win32
		{6C10D038-AD83-4C95-909D-CD1F2DF2E397}.Release|x86.Build.0 = Release|Win32
		{95002BC7-5FAD-4970-ACF4-DF6F2C8DBA10}.Debug|x64.ActiveCfg = Debug|x64
		{95002BC7-5FAD-4970-ACF4-DF6F2C8DBA10}.Debug|x64.Build.0 = Debug|x64
		{95002BC7-5FAD-4970-ACF4-DF6F2C8DBA10}.Debug|x86.ActiveCfg = Debug|Win32
		{95002BC7-5FAD-4970-ACF4-DF6F2C8DBA10}.Debug|x86.Build.0 = Debug|Win32
		{95002BC7-5FAD-4970-ACF4-DF6F2C8DBA10}.Release|x64.ActiveCfg = Release|x64
		{95002BC7-5FAD-4970-ACF4-DF6F2C8DBA10}.Release|x64.Build.0 = Release|x64
		{95002BC7-5FAD-4970-ACF4-DF6F2C8DBA10}.Release|x86.ActiveCfg = Release|Win32
		{95002BC7-5FAD-4970-ACF4-DF6F2C8DBA10}.Release|x86.Build.0 = Release|Win32
		{4D22609A-858F-4E10-B551-44960DB06A39}.Debug|x64.ActiveCfg = Debug|x64
		{4D22609A-858F-4E10-B551-44960DB06A39}.Debug|x64.Build.0 = Debug|x64
		{4D22609A-858F-4E10-B551-44960DB06A39}.Debug|x86.ActiveCfg = Debug|Win32
		{4D22609A-858F-4E10-B551-44960DB06A39}.Debug|x86.Build.0 = Debug|Win32
		{4D22609A-858F-4E10-B551-44960DB06A39}.Release|x64.ActiveCfg = Release|x64
		{4D22609A-858F-4E10-B551-44960DB06A39}.Release|x64.Build.0 = Release|x64
		{4D22609A-858F-4E10-B551-44960DB06A39}.Release|x86.ActiveCfg = Release|Win32
		{4D22609A-858F-4E10-B551-44960DB06A39}.Release|x86.Build.0 = Release|Win32
		{306FBB53-15D1-4A8E-9011-50AB78E94ACB}.Debug|x64.ActiveCfg = Debug|x64
		{306FBB53-15D1-4A8E-9011-50AB78E94ACB}.Debug|x64.Build.0 = Debug|x64
		{306FBB53-15D1-4A8E-9011-50AB78E94ACB}.Debug|x86.ActiveCfg = Debug|Win32
		{306FBB53-15D1-4A8E-9011-50AB78E94ACB}.Debug|x86.Build.0 = Debug|Win32
		{306FBB53-15D1-4A8E-9011-50AB78E94ACB}.Release|x64.ActiveCfg = Release|x64
		{306FBB53-15D1-4A8E-9011-50AB78E94ACB}.Release|x64.Build.0 = Release|x64
		{306FBB53-15D1-4A8E-9011-50AB78E94ACB}.Release|x86.ActiveCfg = Release|Win32
		{306FBB53-15D1-4A8E-9011-50AB78E94ACB}.Release|x86.Build.0 = Release|Win32
		{0BB8D98D-A229-4F3E-9E12-ADB19235A904}.Debug|x64.ActiveCfg = Debug|x64
		{0BB8D98D-A229-4F3E-9E12-ADB19235A904}.Debug|x64.Build.0 = Debug|x64
		{0BB8D98D-A229-4F3E-9E12-ADB19235A904}.Debug|x86.ActiveCfg = Debug|Win32
		{0BB8D98D-A229-4F3E-9E12-ADB19235A904}.Debug|x86.Build.0 = Debug|Win32
		{0BB8D98D-A229-4F3E-9E12-ADB19235A904}.Release|x64.ActiveCfg = Release|x64
		{0BB8D98D-A229-4F3E-9E12-ADB19235A904}.Release|x64.Build.0 = Release|x64
		{0BB8D98D-A229-4F3E-9E12-ADB19235A904}.Release|x86.ActiveCfg = Release|Win32
		{0BB8D98D-A229-4F3E-9E12-ADB19235A904}.Release|x86.Build.0 = Release|Win32
		{40A8433A-6316-4B03-AC34-2FA629EA73AB}.Debug|x64.ActiveCfg = Debug|x64
		{40A8433A-6316-4B03-AC34-2FA629EA73AB}.Debug|x64.Build.0 = Debug|x64
		{40A8433A-6316-4B03-AC34-2FA629EA73AB}.Debug|x86.ActiveCfg = Debug|Win32
		{40A8433A-6316-4B03-AC34-2FA629EA73AB}.Debug|x86.Build.0 = Debug|Win32
		{40A8433A-6316-4B03-AC34-2FA629EA73AB}.Release|x64.ActiveCfg = Release|x64
		{40A8433A-6316-4B03-AC34-2FA629EA73AB}.Release|x64.Build.0 = Release|x64
		{40A8433A-6316-4B03-AC34-2FA629EA73AB}.Release|x86.ActiveCfg = Release|Win32
		{40A8433A-6316-4B03-AC34-2FA629EA73AB}.Release|x86.Build.0 = Release|Win32
	EndGlobalSection
	GlobalSection(SolutionProperties) = preSolution
		HideSolutionNode = FALSE
	EndGlobalSection
EndGlobal
